
Microsoft Visual Studio Solution File, Format Version 12.00
# Visual Studio Version 17
VisualStudioVersion = 17.5.33516.290
MinimumVisualStudioVersion = 10.0.40219.1
Project("{FAE04EC0-301F-11D3-BF4B-00C04F79EFBC}") = "MonopolySticker", "MonopolySticker.csproj", "{10E0E66C-1874-4F86-B0C9-24936332564E}"
EndProject
Global
	GlobalSection(SolutionConfigurationPlatforms) = preSolution
		Debug|Any CPU = Debug|Any CPU
		Debug|x64 = Debug|x64
		Release|Any CPU = Release|Any CPU
		Release|x64 = Release|x64
	EndGlobalSection
	GlobalSection(ProjectConfigurationPlatforms) = postSolution
		{10E0E66C-1874-4F86-B0C9-24936332564E}.Debug|Any CPU.ActiveCfg = Debug|Any CPU
		{10E0E66C-1874-4F86-B0C9-24936332564E}.Debug|Any CPU.Build.0 = Debug|Any CPU
		{10E0E66C-1874-4F86-B0C9-24936332564E}.Debug|x64.ActiveCfg = Debug|x64
		{10E0E66C-1874-4F86-B0C9-24936332564E}.Debug|x64.Build.0 = Debug|x64
		{10E0E66C-1874-4F86-B0C9-24936332564E}.Release|Any CPU.ActiveCfg = Release|Any CPU
		{10E0E66C-1874-4F86-B0C9-24936332564E}.Release|Any CPU.Build.0 = Release|Any CPU
		{10E0E66C-1874-4F86-B0C9-24936332564E}.Release|x64.ActiveCfg = Release|x64
		{10E0E66C-1874-4F86-B0C9-24936332564E}.Release|x64.Build.0 = Release|x64
	EndGlobalSection
	GlobalSection(SolutionProperties) = preSolution
		HideSolutionNode = FALSE
	EndGlobalSection
	GlobalSection(ExtensibilityGlobals) = postSolution
		SolutionGuid = {61FABE79-562B-495A-9383-8070002E005D}
	EndGlobalSection
EndGlobal
